// !$*UTF8*$!
{
	archiveVersion = 1;
	classes = {
	};
	objectVersion = 46;
	objects = {

/* Begin PBXBuildFile section */
		F65C5A151759403A00903D49 /* bitstream.c in Sources */ = {isa = PBXBuildFile; fileRef = F65C59F61759403A00903D49 /* bitstream.c */; };
		F65C5A171759403A00903D49 /* cabac.c in Sources */ = {isa = PBXBuildFile; fileRef = F65C59F81759403A00903D49 /* cabac.c */; };
		F65C5A191759403A00903D49 /* common.c in Sources */ = {isa = PBXBuildFile; fileRef = F65C59FA1759403A00903D49 /* common.c */; };
		F65C5A1B1759403A00903D49 /* cpu.c in Sources */ = {isa = PBXBuildFile; fileRef = F65C59FC1759403A00903D49 /* cpu.c */; };
		F65C5A1D1759403A00903D49 /* dct.c in Sources */ = {isa = PBXBuildFile; fileRef = F65C59FE1759403A00903D49 /* dct.c */; };
		F65C5A1F1759403A00903D49 /* deblock.c in Sources */ = {isa = PBXBuildFile; fileRef = F65C5A001759403A00903D49 /* deblock.c */; };
		F65C5A201759403A00903D49 /* frame.c in Sources */ = {isa = PBXBuildFile; fileRef = F65C5A011759403A00903D49 /* frame.c */; };
		F65C5A221759403A00903D49 /* macroblock.c in Sources */ = {isa = PBXBuildFile; fileRef = F65C5A031759403A00903D49 /* macroblock.c */; };
		F65C5A241759403A00903D49 /* mc.c in Sources */ = {isa = PBXBuildFile; fileRef = F65C5A051759403A00903D49 /* mc.c */; };
		F65C5A261759403A00903D49 /* mvpred.c in Sources */ = {isa = PBXBuildFile; fileRef = F65C5A071759403A00903D49 /* mvpred.c */; };
		F65C5A271759403A00903D49 /* osdep.c in Sources */ = {isa = PBXBuildFile; fileRef = F65C5A081759403A00903D49 /* osdep.c */; };
		F65C5A291759403A00903D49 /* pixel.c in Sources */ = {isa = PBXBuildFile; fileRef = F65C5A0A1759403A00903D49 /* pixel.c */; };
		F65C5A2B1759403A00903D49 /* predict.c in Sources */ = {isa = PBXBuildFile; fileRef = F65C5A0C1759403A00903D49 /* predict.c */; };
		F65C5A2D1759403A00903D49 /* quant.c in Sources */ = {isa = PBXBuildFile; fileRef = F65C5A0E1759403A00903D49 /* quant.c */; };
		F65C5A2F1759403A00903D49 /* rectangle.c in Sources */ = {isa = PBXBuildFile; fileRef = F65C5A101759403A00903D49 /* rectangle.c */; };
		F65C5A311759403A00903D49 /* set.c in Sources */ = {isa = PBXBuildFile; fileRef = F65C5A121759403A00903D49 /* set.c */; };
		F65C5A331759403A00903D49 /* vlc.c in Sources */ = {isa = PBXBuildFile; fileRef = F65C5A141759403A00903D49 /* vlc.c */; };
		F65C5A431759409200903D49 /* analyse.c in Sources */ = {isa = PBXBuildFile; fileRef = F65C5A351759409200903D49 /* analyse.c */; };
		F65C5A451759409200903D49 /* cabac.c in Sources */ = {isa = PBXBuildFile; fileRef = F65C5A371759409200903D49 /* cabac.c */; };
		F65C5A461759409200903D49 /* cavlc.c in Sources */ = {isa = PBXBuildFile; fileRef = F65C5A381759409200903D49 /* cavlc.c */; };
		F65C5A471759409200903D49 /* encoder.c in Sources */ = {isa = PBXBuildFile; fileRef = F65C5A391759409200903D49 /* encoder.c */; };
		F65C5A481759409200903D49 /* lookahead.c in Sources */ = {isa = PBXBuildFile; fileRef = F65C5A3A1759409200903D49 /* lookahead.c */; };
		F65C5A491759409200903D49 /* macroblock.c in Sources */ = {isa = PBXBuildFile; fileRef = F65C5A3B1759409200903D49 /* macroblock.c */; };
		F65C5A4B1759409200903D49 /* me.c in Sources */ = {isa = PBXBuildFile; fileRef = F65C5A3D1759409200903D49 /* me.c */; };
		F65C5A4D1759409200903D49 /* ratecontrol.c in Sources */ = {isa = PBXBuildFile; fileRef = F65C5A3F1759409200903D49 /* ratecontrol.c */; };
		F65C5A4F1759409200903D49 /* set.c in Sources */ = {isa = PBXBuildFile; fileRef = F65C5A411759409200903D49 /* set.c */; };
		F65C5A581759479900903D49 /* threadpool.c in Sources */ = {isa = PBXBuildFile; fileRef = F65C5A561759479900903D49 /* threadpool.c */; };
		F65C5A7317594A9800903D49 /* bitstream-a.asm in Sources */ = {isa = PBXBuildFile; fileRef = F65C5A5B17594A9800903D49 /* bitstream-a.asm */; };
		F65C5A7417594A9800903D49 /* cabac-a.asm in Sources */ = {isa = PBXBuildFile; fileRef = F65C5A5C17594A9800903D49 /* cabac-a.asm */; };
		F65C5A7517594A9800903D49 /* const-a.asm in Sources */ = {isa = PBXBuildFile; fileRef = F65C5A5D17594A9800903D49 /* const-a.asm */; };
		F65C5A7617594A9800903D49 /* cpu-a.asm in Sources */ = {isa = PBXBuildFile; fileRef = F65C5A5E17594A9800903D49 /* cpu-a.asm */; };
		F65C5A7717594A9800903D49 /* dct-64.asm in Sources */ = {isa = PBXBuildFile; fileRef = F65C5A5F17594A9800903D49 /* dct-64.asm */; };
		F65C5A7817594A9800903D49 /* dct-a.asm in Sources */ = {isa = PBXBuildFile; fileRef = F65C5A6017594A9800903D49 /* dct-a.asm */; };
		F65C5A7A17594A9800903D49 /* deblock-a.asm in Sources */ = {isa = PBXBuildFile; fileRef = F65C5A6217594A9800903D49 /* deblock-a.asm */; };
		F65C5A7B17594A9800903D49 /* mc-a.asm in Sources */ = {isa = PBXBuildFile; fileRef = F65C5A6317594A9800903D49 /* mc-a.asm */; };
		F65C5A7C17594A9800903D49 /* mc-a2.asm in Sources */ = {isa = PBXBuildFile; fileRef = F65C5A6417594A9800903D49 /* mc-a2.asm */; };
		F65C5A7D17594A9800903D49 /* mc-c.c in Sources */ = {isa = PBXBuildFile; fileRef = F65C5A6517594A9800903D49 /* mc-c.c */; };
		F65C5A7F17594A9800903D49 /* pixel-a.asm in Sources */ = {isa = PBXBuildFile; fileRef = F65C5A6717594A9800903D49 /* pixel-a.asm */; };
		F65C5A8117594A9800903D49 /* predict-a.asm in Sources */ = {isa = PBXBuildFile; fileRef = F65C5A6917594A9800903D49 /* predict-a.asm */; };
		F65C5A8217594A9800903D49 /* predict-c.c in Sources */ = {isa = PBXBuildFile; fileRef = F65C5A6A17594A9800903D49 /* predict-c.c */; };
		F65C5A8417594A9800903D49 /* quant-a.asm in Sources */ = {isa = PBXBuildFile; fileRef = F65C5A6C17594A9800903D49 /* quant-a.asm */; };
		F65C5A8617594A9800903D49 /* sad-a.asm in Sources */ = {isa = PBXBuildFile; fileRef = F65C5A6E17594A9800903D49 /* sad-a.asm */; };
		F65C5A8717594A9800903D49 /* trellis-64.asm in Sources */ = {isa = PBXBuildFile; fileRef = F65C5A6F17594A9800903D49 /* trellis-64.asm */; };
		F65C5A8917594A9800903D49 /* x86inc.asm in Sources */ = {isa = PBXBuildFile; fileRef = F65C5A7117594A9800903D49 /* x86inc.asm */; };
		F65C5A8A17594A9800903D49 /* x86util.asm in Sources */ = {isa = PBXBuildFile; fileRef = F65C5A7217594A9800903D49 /* x86util.asm */; };
		F65C5A9817594B9900903D49 /* opencl.c in Sources */ = {isa = PBXBuildFile; fileRef = F65C5A9617594B9400903D49 /* opencl.c */; };
		F65C5A9A17594BA700903D49 /* slicetype-cl.c in Sources */ = {isa = PBXBuildFile; fileRef = F65C5A9917594BA700903D49 /* slicetype-cl.c */; };
/* End PBXBuildFile section */

/* Begin PBXBuildRule section */
		F65C5B7F175955E600903D49 /* PBXBuildRule */ = {
			isa = PBXBuildRule;
			compilerSpec = com.apple.compilers.proxy.script;
			fileType = sourcecode.asm;
			isEditable = 1;
			outputFiles = (
				"${INPUT_FILE_BASE}.o",
			);
			script = "${SRCROOT}/../yasm/build_rule.sh -f macho64 -m amd64 -DPIC -DPREFIX -DHAVE_ALIGNED_STACK=1 -DPIC -DHIGH_BIT_DEPTH=0 -DBIT_DEPTH=8 -DARCH_X86_64=1 -Ix264/common/x86\nstrip -x \"${DERIVED_FILE_DIR}/${INPUT_FILE_BASE}.o\"";
		};
/* End PBXBuildRule section */

/* Begin PBXFileReference section */
		F64A0556175A54E500D84525 /* common-debug.xcconfig */ = {isa = PBXFileReference; lastKnownFileType = text.xcconfig; name = "common-debug.xcconfig"; path = "../xcconfig/common-debug.xcconfig"; sourceTree = "<group>"; };
		F64A0557175A54E500D84525 /* common-release.xcconfig */ = {isa = PBXFileReference; lastKnownFileType = text.xcconfig; name = "common-release.xcconfig"; path = "../xcconfig/common-release.xcconfig"; sourceTree = "<group>"; };
		F65C59E917593F3D00903D49 /* config.h */ = {isa = PBXFileReference; lastKnownFileType = sourcecode.c.h; name = config.h; path = generated/config.h; sourceTree = "<group>"; };
		F65C59EA17593F3D00903D49 /* x264_config.h */ = {isa = PBXFileReference; lastKnownFileType = sourcecode.c.h; name = x264_config.h; path = generated/x264_config.h; sourceTree = "<group>"; };
		F65C59EF17593F5400903D49 /* libx264.dylib */ = {isa = PBXFileReference; explicitFileType = "compiled.mach-o.dylib"; includeInIndex = 0; path = libx264.dylib; sourceTree = BUILT_PRODUCTS_DIR; };
		F65C59F417593F9500903D49 /* common.xcconfig */ = {isa = PBXFileReference; lastKnownFileType = text.xcconfig; name = common.xcconfig; path = ../xcconfig/common.xcconfig; sourceTree = "<group>"; };
		F65C59F61759403A00903D49 /* bitstream.c */ = {isa = PBXFileReference; fileEncoding = 4; lastKnownFileType = sourcecode.c.c; name = bitstream.c; path = x264/common/bitstream.c; sourceTree = "<group>"; };
		F65C59F71759403A00903D49 /* bitstream.h */ = {isa = PBXFileReference; fileEncoding = 4; lastKnownFileType = sourcecode.c.h; name = bitstream.h; path = x264/common/bitstream.h; sourceTree = "<group>"; };
		F65C59F81759403A00903D49 /* cabac.c */ = {isa = PBXFileReference; fileEncoding = 4; lastKnownFileType = sourcecode.c.c; name = cabac.c; path = x264/common/cabac.c; sourceTree = "<group>"; };
		F65C59F91759403A00903D49 /* cabac.h */ = {isa = PBXFileReference; fileEncoding = 4; lastKnownFileType = sourcecode.c.h; name = cabac.h; path = x264/common/cabac.h; sourceTree = "<group>"; };
		F65C59FA1759403A00903D49 /* common.c */ = {isa = PBXFileReference; fileEncoding = 4; lastKnownFileType = sourcecode.c.c; name = common.c; path = x264/common/common.c; sourceTree = "<group>"; };
		F65C59FB1759403A00903D49 /* common.h */ = {isa = PBXFileReference; fileEncoding = 4; lastKnownFileType = sourcecode.c.h; name = common.h; path = x264/common/common.h; sourceTree = "<group>"; };
		F65C59FC1759403A00903D49 /* cpu.c */ = {isa = PBXFileReference; fileEncoding = 4; lastKnownFileType = sourcecode.c.c; name = cpu.c; path = x264/common/cpu.c; sourceTree = "<group>"; };
		F65C59FD1759403A00903D49 /* cpu.h */ = {isa = PBXFileReference; fileEncoding = 4; lastKnownFileType = sourcecode.c.h; name = cpu.h; path = x264/common/cpu.h; sourceTree = "<group>"; };
		F65C59FE1759403A00903D49 /* dct.c */ = {isa = PBXFileReference; fileEncoding = 4; lastKnownFileType = sourcecode.c.c; name = dct.c; path = x264/common/dct.c; sourceTree = "<group>"; };
		F65C59FF1759403A00903D49 /* dct.h */ = {isa = PBXFileReference; fileEncoding = 4; lastKnownFileType = sourcecode.c.h; name = dct.h; path = x264/common/dct.h; sourceTree = "<group>"; };
		F65C5A001759403A00903D49 /* deblock.c */ = {isa = PBXFileReference; fileEncoding = 4; lastKnownFileType = sourcecode.c.c; name = deblock.c; path = x264/common/deblock.c; sourceTree = "<group>"; };
		F65C5A011759403A00903D49 /* frame.c */ = {isa = PBXFileReference; fileEncoding = 4; lastKnownFileType = sourcecode.c.c; name = frame.c; path = x264/common/frame.c; sourceTree = "<group>"; };
		F65C5A021759403A00903D49 /* frame.h */ = {isa = PBXFileReference; fileEncoding = 4; lastKnownFileType = sourcecode.c.h; name = frame.h; path = x264/common/frame.h; sourceTree = "<group>"; };
		F65C5A031759403A00903D49 /* macroblock.c */ = {isa = PBXFileReference; fileEncoding = 4; lastKnownFileType = sourcecode.c.c; name = macroblock.c; path = x264/common/macroblock.c; sourceTree = "<group>"; };
		F65C5A041759403A00903D49 /* macroblock.h */ = {isa = PBXFileReference; fileEncoding = 4; lastKnownFileType = sourcecode.c.h; name = macroblock.h; path = x264/common/macroblock.h; sourceTree = "<group>"; };
		F65C5A051759403A00903D49 /* mc.c */ = {isa = PBXFileReference; fileEncoding = 4; lastKnownFileType = sourcecode.c.c; name = mc.c; path = x264/common/mc.c; sourceTree = "<group>"; };
		F65C5A061759403A00903D49 /* mc.h */ = {isa = PBXFileReference; fileEncoding = 4; lastKnownFileType = sourcecode.c.h; name = mc.h; path = x264/common/mc.h; sourceTree = "<group>"; };
		F65C5A071759403A00903D49 /* mvpred.c */ = {isa = PBXFileReference; fileEncoding = 4; lastKnownFileType = sourcecode.c.c; name = mvpred.c; path = x264/common/mvpred.c; sourceTree = "<group>"; };
		F65C5A081759403A00903D49 /* osdep.c */ = {isa = PBXFileReference; fileEncoding = 4; lastKnownFileType = sourcecode.c.c; name = osdep.c; path = x264/common/osdep.c; sourceTree = "<group>"; };
		F65C5A091759403A00903D49 /* osdep.h */ = {isa = PBXFileReference; fileEncoding = 4; lastKnownFileType = sourcecode.c.h; name = osdep.h; path = x264/common/osdep.h; sourceTree = "<group>"; };
		F65C5A0A1759403A00903D49 /* pixel.c */ = {isa = PBXFileReference; fileEncoding = 4; lastKnownFileType = sourcecode.c.c; name = pixel.c; path = x264/common/pixel.c; sourceTree = "<group>"; };
		F65C5A0B1759403A00903D49 /* pixel.h */ = {isa = PBXFileReference; fileEncoding = 4; lastKnownFileType = sourcecode.c.h; name = pixel.h; path = x264/common/pixel.h; sourceTree = "<group>"; };
		F65C5A0C1759403A00903D49 /* predict.c */ = {isa = PBXFileReference; fileEncoding = 4; lastKnownFileType = sourcecode.c.c; name = predict.c; path = x264/common/predict.c; sourceTree = "<group>"; };
		F65C5A0D1759403A00903D49 /* predict.h */ = {isa = PBXFileReference; fileEncoding = 4; lastKnownFileType = sourcecode.c.h; name = predict.h; path = x264/common/predict.h; sourceTree = "<group>"; };
		F65C5A0E1759403A00903D49 /* quant.c */ = {isa = PBXFileReference; fileEncoding = 4; lastKnownFileType = sourcecode.c.c; name = quant.c; path = x264/common/quant.c; sourceTree = "<group>"; };
		F65C5A0F1759403A00903D49 /* quant.h */ = {isa = PBXFileReference; fileEncoding = 4; lastKnownFileType = sourcecode.c.h; name = quant.h; path = x264/common/quant.h; sourceTree = "<group>"; };
		F65C5A101759403A00903D49 /* rectangle.c */ = {isa = PBXFileReference; fileEncoding = 4; lastKnownFileType = sourcecode.c.c; name = rectangle.c; path = x264/common/rectangle.c; sourceTree = "<group>"; };
		F65C5A111759403A00903D49 /* rectangle.h */ = {isa = PBXFileReference; fileEncoding = 4; lastKnownFileType = sourcecode.c.h; name = rectangle.h; path = x264/common/rectangle.h; sourceTree = "<group>"; };
		F65C5A121759403A00903D49 /* set.c */ = {isa = PBXFileReference; fileEncoding = 4; lastKnownFileType = sourcecode.c.c; name = set.c; path = x264/common/set.c; sourceTree = "<group>"; };
		F65C5A131759403A00903D49 /* set.h */ = {isa = PBXFileReference; fileEncoding = 4; lastKnownFileType = sourcecode.c.h; name = set.h; path = x264/common/set.h; sourceTree = "<group>"; };
		F65C5A141759403A00903D49 /* vlc.c */ = {isa = PBXFileReference; fileEncoding = 4; lastKnownFileType = sourcecode.c.c; name = vlc.c; path = x264/common/vlc.c; sourceTree = "<group>"; };
		F65C5A351759409200903D49 /* analyse.c */ = {isa = PBXFileReference; fileEncoding = 4; lastKnownFileType = sourcecode.c.c; name = analyse.c; path = x264/encoder/analyse.c; sourceTree = "<group>"; };
		F65C5A361759409200903D49 /* analyse.h */ = {isa = PBXFileReference; fileEncoding = 4; lastKnownFileType = sourcecode.c.h; name = analyse.h; path = x264/encoder/analyse.h; sourceTree = "<group>"; };
		F65C5A371759409200903D49 /* cabac.c */ = {isa = PBXFileReference; fileEncoding = 4; lastKnownFileType = sourcecode.c.c; name = cabac.c; path = x264/encoder/cabac.c; sourceTree = "<group>"; };
		F65C5A381759409200903D49 /* cavlc.c */ = {isa = PBXFileReference; fileEncoding = 4; lastKnownFileType = sourcecode.c.c; name = cavlc.c; path = x264/encoder/cavlc.c; sourceTree = "<group>"; };
		F65C5A391759409200903D49 /* encoder.c */ = {isa = PBXFileReference; fileEncoding = 4; lastKnownFileType = sourcecode.c.c; name = encoder.c; path = x264/encoder/encoder.c; sourceTree = "<group>"; };
		F65C5A3A1759409200903D49 /* lookahead.c */ = {isa = PBXFileReference; fileEncoding = 4; lastKnownFileType = sourcecode.c.c; name = lookahead.c; path = x264/encoder/lookahead.c; sourceTree = "<group>"; };
		F65C5A3B1759409200903D49 /* macroblock.c */ = {isa = PBXFileReference; fileEncoding = 4; lastKnownFileType = sourcecode.c.c; name = macroblock.c; path = x264/encoder/macroblock.c; sourceTree = "<group>"; };
		F65C5A3C1759409200903D49 /* macroblock.h */ = {isa = PBXFileReference; fileEncoding = 4; lastKnownFileType = sourcecode.c.h; name = macroblock.h; path = x264/encoder/macroblock.h; sourceTree = "<group>"; };
		F65C5A3D1759409200903D49 /* me.c */ = {isa = PBXFileReference; fileEncoding = 4; lastKnownFileType = sourcecode.c.c; name = me.c; path = x264/encoder/me.c; sourceTree = "<group>"; };
		F65C5A3E1759409200903D49 /* me.h */ = {isa = PBXFileReference; fileEncoding = 4; lastKnownFileType = sourcecode.c.h; name = me.h; path = x264/encoder/me.h; sourceTree = "<group>"; };
		F65C5A3F1759409200903D49 /* ratecontrol.c */ = {isa = PBXFileReference; fileEncoding = 4; lastKnownFileType = sourcecode.c.c; name = ratecontrol.c; path = x264/encoder/ratecontrol.c; sourceTree = "<group>"; };
		F65C5A401759409200903D49 /* ratecontrol.h */ = {isa = PBXFileReference; fileEncoding = 4; lastKnownFileType = sourcecode.c.h; name = ratecontrol.h; path = x264/encoder/ratecontrol.h; sourceTree = "<group>"; };
		F65C5A411759409200903D49 /* set.c */ = {isa = PBXFileReference; fileEncoding = 4; lastKnownFileType = sourcecode.c.c; name = set.c; path = x264/encoder/set.c; sourceTree = "<group>"; };
		F65C5A421759409200903D49 /* set.h */ = {isa = PBXFileReference; fileEncoding = 4; lastKnownFileType = sourcecode.c.h; name = set.h; path = x264/encoder/set.h; sourceTree = "<group>"; };
		F65C5A561759479900903D49 /* threadpool.c */ = {isa = PBXFileReference; fileEncoding = 4; lastKnownFileType = sourcecode.c.c; name = threadpool.c; path = x264/common/threadpool.c; sourceTree = "<group>"; };
		F65C5A571759479900903D49 /* threadpool.h */ = {isa = PBXFileReference; fileEncoding = 4; lastKnownFileType = sourcecode.c.h; name = threadpool.h; path = x264/common/threadpool.h; sourceTree = "<group>"; };
		F65C5A5B17594A9800903D49 /* bitstream-a.asm */ = {isa = PBXFileReference; lastKnownFileType = sourcecode.asm.asm; name = "bitstream-a.asm"; path = "x264/common/x86/bitstream-a.asm"; sourceTree = "<group>"; };
		F65C5A5C17594A9800903D49 /* cabac-a.asm */ = {isa = PBXFileReference; lastKnownFileType = sourcecode.asm.asm; name = "cabac-a.asm"; path = "x264/common/x86/cabac-a.asm"; sourceTree = "<group>"; };
		F65C5A5D17594A9800903D49 /* const-a.asm */ = {isa = PBXFileReference; lastKnownFileType = sourcecode.asm.asm; name = "const-a.asm"; path = "x264/common/x86/const-a.asm"; sourceTree = "<group>"; };
		F65C5A5E17594A9800903D49 /* cpu-a.asm */ = {isa = PBXFileReference; lastKnownFileType = sourcecode.asm.asm; name = "cpu-a.asm"; path = "x264/common/x86/cpu-a.asm"; sourceTree = "<group>"; };
		F65C5A5F17594A9800903D49 /* dct-64.asm */ = {isa = PBXFileReference; lastKnownFileType = sourcecode.asm.asm; name = "dct-64.asm"; path = "x264/common/x86/dct-64.asm"; sourceTree = "<group>"; };
		F65C5A6017594A9800903D49 /* dct-a.asm */ = {isa = PBXFileReference; lastKnownFileType = sourcecode.asm.asm; name = "dct-a.asm"; path = "x264/common/x86/dct-a.asm"; sourceTree = "<group>"; };
		F65C5A6117594A9800903D49 /* dct.h */ = {isa = PBXFileReference; fileEncoding = 4; lastKnownFileType = sourcecode.c.h; name = dct.h; path = x264/common/x86/dct.h; sourceTree = "<group>"; };
		F65C5A6217594A9800903D49 /* deblock-a.asm */ = {isa = PBXFileReference; lastKnownFileType = sourcecode.asm.asm; name = "deblock-a.asm"; path = "x264/common/x86/deblock-a.asm"; sourceTree = "<group>"; };
		F65C5A6317594A9800903D49 /* mc-a.asm */ = {isa = PBXFileReference; lastKnownFileType = sourcecode.asm.asm; name = "mc-a.asm"; path = "x264/common/x86/mc-a.asm"; sourceTree = "<group>"; };
		F65C5A6417594A9800903D49 /* mc-a2.asm */ = {isa = PBXFileReference; lastKnownFileType = sourcecode.asm.asm; name = "mc-a2.asm"; path = "x264/common/x86/mc-a2.asm"; sourceTree = "<group>"; };
		F65C5A6517594A9800903D49 /* mc-c.c */ = {isa = PBXFileReference; fileEncoding = 4; lastKnownFileType = sourcecode.c.c; name = "mc-c.c"; path = "x264/common/x86/mc-c.c"; sourceTree = "<group>"; };
		F65C5A6617594A9800903D49 /* mc.h */ = {isa = PBXFileReference; fileEncoding = 4; lastKnownFileType = sourcecode.c.h; name = mc.h; path = x264/common/x86/mc.h; sourceTree = "<group>"; };
		F65C5A6717594A9800903D49 /* pixel-a.asm */ = {isa = PBXFileReference; lastKnownFileType = sourcecode.asm.asm; name = "pixel-a.asm"; path = "x264/common/x86/pixel-a.asm"; sourceTree = "<group>"; };
		F65C5A6817594A9800903D49 /* pixel.h */ = {isa = PBXFileReference; fileEncoding = 4; lastKnownFileType = sourcecode.c.h; name = pixel.h; path = x264/common/x86/pixel.h; sourceTree = "<group>"; };
		F65C5A6917594A9800903D49 /* predict-a.asm */ = {isa = PBXFileReference; lastKnownFileType = sourcecode.asm.asm; name = "predict-a.asm"; path = "x264/common/x86/predict-a.asm"; sourceTree = "<group>"; };
		F65C5A6A17594A9800903D49 /* predict-c.c */ = {isa = PBXFileReference; fileEncoding = 4; lastKnownFileType = sourcecode.c.c; name = "predict-c.c"; path = "x264/common/x86/predict-c.c"; sourceTree = "<group>"; };
		F65C5A6B17594A9800903D49 /* predict.h */ = {isa = PBXFileReference; fileEncoding = 4; lastKnownFileType = sourcecode.c.h; name = predict.h; path = x264/common/x86/predict.h; sourceTree = "<group>"; };
		F65C5A6C17594A9800903D49 /* quant-a.asm */ = {isa = PBXFileReference; lastKnownFileType = sourcecode.asm.asm; name = "quant-a.asm"; path = "x264/common/x86/quant-a.asm"; sourceTree = "<group>"; };
		F65C5A6D17594A9800903D49 /* quant.h */ = {isa = PBXFileReference; fileEncoding = 4; lastKnownFileType = sourcecode.c.h; name = quant.h; path = x264/common/x86/quant.h; sourceTree = "<group>"; };
		F65C5A6E17594A9800903D49 /* sad-a.asm */ = {isa = PBXFileReference; lastKnownFileType = sourcecode.asm.asm; name = "sad-a.asm"; path = "x264/common/x86/sad-a.asm"; sourceTree = "<group>"; };
		F65C5A6F17594A9800903D49 /* trellis-64.asm */ = {isa = PBXFileReference; lastKnownFileType = sourcecode.asm.asm; name = "trellis-64.asm"; path = "x264/common/x86/trellis-64.asm"; sourceTree = "<group>"; };
		F65C5A7017594A9800903D49 /* util.h */ = {isa = PBXFileReference; fileEncoding = 4; lastKnownFileType = sourcecode.c.h; name = util.h; path = x264/common/x86/util.h; sourceTree = "<group>"; };
		F65C5A7117594A9800903D49 /* x86inc.asm */ = {isa = PBXFileReference; lastKnownFileType = sourcecode.asm.asm; name = x86inc.asm; path = x264/common/x86/x86inc.asm; sourceTree = "<group>"; };
		F65C5A7217594A9800903D49 /* x86util.asm */ = {isa = PBXFileReference; lastKnownFileType = sourcecode.asm.asm; name = x86util.asm; path = x264/common/x86/x86util.asm; sourceTree = "<group>"; };
		F65C5A8C17594AD800903D49 /* x264-cl.h */ = {isa = PBXFileReference; fileEncoding = 4; lastKnownFileType = sourcecode.c.h; name = "x264-cl.h"; path = "x264/common/opencl/x264-cl.h"; sourceTree = "<group>"; };
		F65C5A9517594B6100903D49 /* oclobj.h */ = {isa = PBXFileReference; lastKnownFileType = sourcecode.c.h; name = oclobj.h; path = generated/common/oclobj.h; sourceTree = "<group>"; };
		F65C5A9617594B9400903D49 /* opencl.c */ = {isa = PBXFileReference; lastKnownFileType = sourcecode.c.c; name = opencl.c; path = x264/common/opencl.c; sourceTree = "<group>"; };
		F65C5A9717594B9400903D49 /* opencl.h */ = {isa = PBXFileReference; lastKnownFileType = sourcecode.c.h; name = opencl.h; path = x264/common/opencl.h; sourceTree = "<group>"; };
		F65C5A9917594BA700903D49 /* slicetype-cl.c */ = {isa = PBXFileReference; fileEncoding = 4; lastKnownFileType = sourcecode.c.c; name = "slicetype-cl.c"; path = "x264/encoder/slicetype-cl.c"; sourceTree = "<group>"; };
		F65C5BE91759E2BA00903D49 /* library.xcconfig */ = {isa = PBXFileReference; lastKnownFileType = text.xcconfig; name = library.xcconfig; path = ../xcconfig/library.xcconfig; sourceTree = "<group>"; };
/* End PBXFileReference section */

/* Begin PBXFrameworksBuildPhase section */
		F65C59EC17593F5400903D49 /* Frameworks */ = {
			isa = PBXFrameworksBuildPhase;
			buildActionMask = 2147483647;
			files = (
			);
			runOnlyForDeploymentPostprocessing = 0;
		};
/* End PBXFrameworksBuildPhase section */

/* Begin PBXGroup section */
		F64A0555175A54DA00D84525 /* xcconfig */ = {
			isa = PBXGroup;
			children = (
				F64A0556175A54E500D84525 /* common-debug.xcconfig */,
				F64A0557175A54E500D84525 /* common-release.xcconfig */,
				F65C59F417593F9500903D49 /* common.xcconfig */,
				F65C5BE91759E2BA00903D49 /* library.xcconfig */,
			);
			name = xcconfig;
			sourceTree = "<group>";
		};
		F65C59E017593DF700903D49 = {
			isa = PBXGroup;
			children = (
				F65C59E717593F2700903D49 /* generated */,
				F65C59E817593F2E00903D49 /* x264 */,
				F65C59F017593F5400903D49 /* Products */,
				F64A0555175A54DA00D84525 /* xcconfig */,
			);
			sourceTree = "<group>";
		};
		F65C59E717593F2700903D49 /* generated */ = {
			isa = PBXGroup;
			children = (
				F65C5A9417594B1500903D49 /* common */,
				F65C59E917593F3D00903D49 /* config.h */,
				F65C59EA17593F3D00903D49 /* x264_config.h */,
			);
			name = generated;
			sourceTree = "<group>";
		};
		F65C59E817593F2E00903D49 /* x264 */ = {
			isa = PBXGroup;
			children = (
				F65C59F51759403200903D49 /* common */,
				F65C5A341759406800903D49 /* encoder */,
			);
			name = x264;
			sourceTree = "<group>";
		};
		F65C59F017593F5400903D49 /* Products */ = {
			isa = PBXGroup;
			children = (
				F65C59EF17593F5400903D49 /* libx264.dylib */,
			);
			name = Products;
			sourceTree = "<group>";
		};
		F65C59F51759403200903D49 /* common */ = {
			isa = PBXGroup;
			children = (
				F65C5A8B17594AC700903D49 /* opencl */,
				F65C5A5A17594A1000903D49 /* x86 */,
				F65C59F61759403A00903D49 /* bitstream.c */,
				F65C59F81759403A00903D49 /* cabac.c */,
				F65C59FA1759403A00903D49 /* common.c */,
				F65C59FC1759403A00903D49 /* cpu.c */,
				F65C59FE1759403A00903D49 /* dct.c */,
				F65C5A001759403A00903D49 /* deblock.c */,
				F65C5A011759403A00903D49 /* frame.c */,
				F65C5A031759403A00903D49 /* macroblock.c */,
				F65C5A051759403A00903D49 /* mc.c */,
				F65C5A071759403A00903D49 /* mvpred.c */,
				F65C5A9617594B9400903D49 /* opencl.c */,
				F65C5A081759403A00903D49 /* osdep.c */,
				F65C5A0A1759403A00903D49 /* pixel.c */,
				F65C5A0C1759403A00903D49 /* predict.c */,
				F65C5A0E1759403A00903D49 /* quant.c */,
				F65C5A101759403A00903D49 /* rectangle.c */,
				F65C5A121759403A00903D49 /* set.c */,
				F65C5A561759479900903D49 /* threadpool.c */,
				F65C5A141759403A00903D49 /* vlc.c */,
				F65C59F71759403A00903D49 /* bitstream.h */,
				F65C59F91759403A00903D49 /* cabac.h */,
				F65C59FB1759403A00903D49 /* common.h */,
				F65C59FD1759403A00903D49 /* cpu.h */,
				F65C59FF1759403A00903D49 /* dct.h */,
				F65C5A021759403A00903D49 /* frame.h */,
				F65C5A041759403A00903D49 /* macroblock.h */,
				F65C5A061759403A00903D49 /* mc.h */,
				F65C5A9717594B9400903D49 /* opencl.h */,
				F65C5A091759403A00903D49 /* osdep.h */,
				F65C5A0B1759403A00903D49 /* pixel.h */,
				F65C5A0D1759403A00903D49 /* predict.h */,
				F65C5A0F1759403A00903D49 /* quant.h */,
				F65C5A111759403A00903D49 /* rectangle.h */,
				F65C5A131759403A00903D49 /* set.h */,
				F65C5A571759479900903D49 /* threadpool.h */,
			);
			name = common;
			sourceTree = "<group>";
		};
		F65C5A341759406800903D49 /* encoder */ = {
			isa = PBXGroup;
			children = (
				F65C5A351759409200903D49 /* analyse.c */,
				F65C5A371759409200903D49 /* cabac.c */,
				F65C5A381759409200903D49 /* cavlc.c */,
				F65C5A391759409200903D49 /* encoder.c */,
				F65C5A3A1759409200903D49 /* lookahead.c */,
				F65C5A3B1759409200903D49 /* macroblock.c */,
				F65C5A3D1759409200903D49 /* me.c */,
				F65C5A3F1759409200903D49 /* ratecontrol.c */,
				F65C5A411759409200903D49 /* set.c */,
				F65C5A361759409200903D49 /* analyse.h */,
				F65C5A3C1759409200903D49 /* macroblock.h */,
				F65C5A3E1759409200903D49 /* me.h */,
				F65C5A401759409200903D49 /* ratecontrol.h */,
				F65C5A421759409200903D49 /* set.h */,
				F65C5A9917594BA700903D49 /* slicetype-cl.c */,
			);
			name = encoder;
			sourceTree = "<group>";
		};
		F65C5A5A17594A1000903D49 /* x86 */ = {
			isa = PBXGroup;
			children = (
				F65C5A5B17594A9800903D49 /* bitstream-a.asm */,
				F65C5A5C17594A9800903D49 /* cabac-a.asm */,
				F65C5A5D17594A9800903D49 /* const-a.asm */,
				F65C5A5E17594A9800903D49 /* cpu-a.asm */,
				F65C5A5F17594A9800903D49 /* dct-64.asm */,
				F65C5A6017594A9800903D49 /* dct-a.asm */,
				F65C5A6217594A9800903D49 /* deblock-a.asm */,
				F65C5A6317594A9800903D49 /* mc-a.asm */,
				F65C5A6417594A9800903D49 /* mc-a2.asm */,
				F65C5A6717594A9800903D49 /* pixel-a.asm */,
				F65C5A6917594A9800903D49 /* predict-a.asm */,
				F65C5A6C17594A9800903D49 /* quant-a.asm */,
				F65C5A6E17594A9800903D49 /* sad-a.asm */,
				F65C5A6F17594A9800903D49 /* trellis-64.asm */,
				F65C5A7117594A9800903D49 /* x86inc.asm */,
				F65C5A7217594A9800903D49 /* x86util.asm */,
				F65C5A6517594A9800903D49 /* mc-c.c */,
				F65C5A6A17594A9800903D49 /* predict-c.c */,
				F65C5A6117594A9800903D49 /* dct.h */,
				F65C5A6617594A9800903D49 /* mc.h */,
				F65C5A6817594A9800903D49 /* pixel.h */,
				F65C5A6B17594A9800903D49 /* predict.h */,
				F65C5A6D17594A9800903D49 /* quant.h */,
				F65C5A7017594A9800903D49 /* util.h */,
			);
			name = x86;
			sourceTree = "<group>";
		};
		F65C5A8B17594AC700903D49 /* opencl */ = {
			isa = PBXGroup;
			children = (
				F65C5A8C17594AD800903D49 /* x264-cl.h */,
			);
			name = opencl;
			sourceTree = "<group>";
		};
		F65C5A9417594B1500903D49 /* common */ = {
			isa = PBXGroup;
			children = (
				F65C5A9517594B6100903D49 /* oclobj.h */,
			);
			name = common;
			sourceTree = "<group>";
		};
/* End PBXGroup section */

/* Begin PBXNativeTarget section */
		F65C59EE17593F5400903D49 /* x264 */ = {
			isa = PBXNativeTarget;
			buildConfigurationList = F65C59F117593F5400903D49 /* Build configuration list for PBXNativeTarget "x264" */;
			buildPhases = (
				F65C59EB17593F5400903D49 /* Sources */,
				F65C59EC17593F5400903D49 /* Frameworks */,
			);
			buildRules = (
				F65C5B7F175955E600903D49 /* PBXBuildRule */,
			);
			dependencies = (
			);
			name = x264;
			productName = x264;
			productReference = F65C59EF17593F5400903D49 /* libx264.dylib */;
			productType = "com.apple.product-type.library.dynamic";
		};
/* End PBXNativeTarget section */

/* Begin PBXProject section */
		F65C59E117593DF700903D49 /* Project object */ = {
			isa = PBXProject;
			attributes = {
				LastUpgradeCheck = 0460;
			};
			buildConfigurationList = F65C59E417593DF700903D49 /* Build configuration list for PBXProject "x264" */;
			compatibilityVersion = "Xcode 3.2";
			developmentRegion = English;
			hasScannedForEncodings = 0;
			knownRegions = (
				en,
			);
			mainGroup = F65C59E017593DF700903D49;
			productRefGroup = F65C59F017593F5400903D49 /* Products */;
			projectDirPath = "";
			projectRoot = "";
			targets = (
				F65C59EE17593F5400903D49 /* x264 */,
			);
		};
/* End PBXProject section */

/* Begin PBXSourcesBuildPhase section */
		F65C59EB17593F5400903D49 /* Sources */ = {
			isa = PBXSourcesBuildPhase;
			buildActionMask = 2147483647;
			files = (
				F65C5A151759403A00903D49 /* bitstream.c in Sources */,
				F65C5A171759403A00903D49 /* cabac.c in Sources */,
				F65C5A191759403A00903D49 /* common.c in Sources */,
				F65C5A1B1759403A00903D49 /* cpu.c in Sources */,
				F65C5A1D1759403A00903D49 /* dct.c in Sources */,
				F65C5A1F1759403A00903D49 /* deblock.c in Sources */,
				F65C5A201759403A00903D49 /* frame.c in Sources */,
				F65C5A221759403A00903D49 /* macroblock.c in Sources */,
				F65C5A241759403A00903D49 /* mc.c in Sources */,
				F65C5A261759403A00903D49 /* mvpred.c in Sources */,
				F65C5A271759403A00903D49 /* osdep.c in Sources */,
				F65C5A291759403A00903D49 /* pixel.c in Sources */,
				F65C5A2B1759403A00903D49 /* predict.c in Sources */,
				F65C5A2D1759403A00903D49 /* quant.c in Sources */,
				F65C5A2F1759403A00903D49 /* rectangle.c in Sources */,
				F65C5A311759403A00903D49 /* set.c in Sources */,
				F65C5A331759403A00903D49 /* vlc.c in Sources */,
				F65C5A431759409200903D49 /* analyse.c in Sources */,
				F65C5A451759409200903D49 /* cabac.c in Sources */,
				F65C5A461759409200903D49 /* cavlc.c in Sources */,
				F65C5A471759409200903D49 /* encoder.c in Sources */,
				F65C5A481759409200903D49 /* lookahead.c in Sources */,
				F65C5A491759409200903D49 /* macroblock.c in Sources */,
				F65C5A4B1759409200903D49 /* me.c in Sources */,
				F65C5A4D1759409200903D49 /* ratecontrol.c in Sources */,
				F65C5A4F1759409200903D49 /* set.c in Sources */,
				F65C5A581759479900903D49 /* threadpool.c in Sources */,
				F65C5A7317594A9800903D49 /* bitstream-a.asm in Sources */,
				F65C5A7417594A9800903D49 /* cabac-a.asm in Sources */,
				F65C5A7517594A9800903D49 /* const-a.asm in Sources */,
				F65C5A7617594A9800903D49 /* cpu-a.asm in Sources */,
				F65C5A7717594A9800903D49 /* dct-64.asm in Sources */,
				F65C5A7817594A9800903D49 /* dct-a.asm in Sources */,
				F65C5A7A17594A9800903D49 /* deblock-a.asm in Sources */,
				F65C5A7B17594A9800903D49 /* mc-a.asm in Sources */,
				F65C5A7C17594A9800903D49 /* mc-a2.asm in Sources */,
				F65C5A7D17594A9800903D49 /* mc-c.c in Sources */,
				F65C5A7F17594A9800903D49 /* pixel-a.asm in Sources */,
				F65C5A8117594A9800903D49 /* predict-a.asm in Sources */,
				F65C5A8217594A9800903D49 /* predict-c.c in Sources */,
				F65C5A8417594A9800903D49 /* quant-a.asm in Sources */,
				F65C5A8617594A9800903D49 /* sad-a.asm in Sources */,
				F65C5A8717594A9800903D49 /* trellis-64.asm in Sources */,
				F65C5A8917594A9800903D49 /* x86inc.asm in Sources */,
				F65C5A8A17594A9800903D49 /* x86util.asm in Sources */,
				F65C5A9817594B9900903D49 /* opencl.c in Sources */,
				F65C5A9A17594BA700903D49 /* slicetype-cl.c in Sources */,
			);
			runOnlyForDeploymentPostprocessing = 0;
		};
/* End PBXSourcesBuildPhase section */

/* Begin XCBuildConfiguration section */
		F65C59E517593DF700903D49 /* Debug */ = {
			isa = XCBuildConfiguration;
			baseConfigurationReference = F64A0556175A54E500D84525 /* common-debug.xcconfig */;
			buildSettings = {
				GCC_WARN_INHIBIT_ALL_WARNINGS = YES;
				HEADER_SEARCH_PATHS = (
					generated,
					x264,
				);
			};
			name = Debug;
		};
		F65C59E617593DF700903D49 /* Release */ = {
			isa = XCBuildConfiguration;
			baseConfigurationReference = F64A0557175A54E500D84525 /* common-release.xcconfig */;
			buildSettings = {
				GCC_WARN_INHIBIT_ALL_WARNINGS = YES;
				HEADER_SEARCH_PATHS = (
					generated,
					x264,
				);
			};
			name = Release;
		};
		F65C59F217593F5400903D49 /* Debug */ = {
			isa = XCBuildConfiguration;
			baseConfigurationReference = F65C5BE91759E2BA00903D49 /* library.xcconfig */;
			buildSettings = {
			};
			name = Debug;
		};
		F65C59F317593F5400903D49 /* Release */ = {
			isa = XCBuildConfiguration;
			baseConfigurationReference = F65C5BE91759E2BA00903D49 /* library.xcconfig */;
			buildSettings = {
			};
			name = Release;
		};
/* End XCBuildConfiguration section */

/* Begin XCConfigurationList section */
		F65C59E417593DF700903D49 /* Build configuration list for PBXProject "x264" */ = {
			isa = XCConfigurationList;
			buildConfigurations = (
				F65C59E517593DF700903D49 /* Debug */,
				F65C59E617593DF700903D49 /* Release */,
			);
			defaultConfigurationIsVisible = 0;
			defaultConfigurationName = Release;
		};
		F65C59F117593F5400903D49 /* Build configuration list for PBXNativeTarget "x264" */ = {
			isa = XCConfigurationList;
			buildConfigurations = (
				F65C59F217593F5400903D49 /* Debug */,
				F65C59F317593F5400903D49 /* Release */,
			);
			defaultConfigurationIsVisible = 0;
			defaultConfigurationName = Release;
		};
/* End XCConfigurationList section */
	};
	rootObject = F65C59E117593DF700903D49 /* Project object */;
}
