// !$*UTF8*$!
{
	archiveVersion = 1;
	classes = {
	};
	objectVersion = 46;
	objects = {

/* Begin PBXBuildFile section */
		B4360BABDBA241F5BE5756E8 /* core.cc in Sources */ = {isa = PBXBuildFile; fileRef = CC271AEC1683577742CC4C60 /* core.cc */; };
/* End PBXBuildFile section */

/* Begin PBXFileReference section */
		A7D90F40A89D8420F33A4C85 /* core.node */ = {isa = PBXFileReference; explicitFileType = "compiled.mach-o.dylib"; includeInIndex = 0; path = core.node; sourceTree = BUILT_PRODUCTS_DIR; };
		CC271AEC1683577742CC4C60 /* core.cc */ = {isa = PBXFileReference; lastKnownFileType = sourcecode.cpp.cpp; path = core.cc; sourceTree = "<group>"; };
		F6C2F8CA19313E3500446578 /* common-debug.xcconfig */ = {isa = PBXFileReference; fileEncoding = 4; lastKnownFileType = text.xcconfig; name = "common-debug.xcconfig"; path = "../xcconfig/common-debug.xcconfig"; sourceTree = "<group>"; };
		F6C2F8CB19313E3500446578 /* common-release.xcconfig */ = {isa = PBXFileReference; fileEncoding = 4; lastKnownFileType = text.xcconfig; name = "common-release.xcconfig"; path = "../xcconfig/common-release.xcconfig"; sourceTree = "<group>"; };
		F6C2F8CC19313E3500446578 /* common.xcconfig */ = {isa = PBXFileReference; fileEncoding = 4; lastKnownFileType = text.xcconfig; name = common.xcconfig; path = ../xcconfig/common.xcconfig; sourceTree = "<group>"; };
/* End PBXFileReference section */

/* Begin PBXFrameworksBuildPhase section */
		2CB2C8872A8F2B36411DA774 /* Frameworks */ = {
			isa = PBXFrameworksBuildPhase;
			buildActionMask = 2147483647;
			files = (
			);
			runOnlyForDeploymentPostprocessing = 0;
		};
/* End PBXFrameworksBuildPhase section */

/* Begin PBXGroup section */
		594F59374BA7374059664625 /* Source */ = {
			isa = PBXGroup;
			children = (
				CC271AEC1683577742CC4C60 /* core.cc */,
			);
			name = Source;
			sourceTree = "<group>";
		};
		74FB431A6F457CFAA99DF565 = {
			isa = PBXGroup;
			children = (
				594F59374BA7374059664625 /* Source */,
				F72EAEAB0C276EA2CD970ABC /* Products */,
				F6C2F8CD19313E3500446578 /* xcconfig */,
			);
			sourceTree = "<group>";
		};
		F6C2F8CD19313E3500446578 /* xcconfig */ = {
			isa = PBXGroup;
			children = (
				F6C2F8CA19313E3500446578 /* common-debug.xcconfig */,
				F6C2F8CB19313E3500446578 /* common-release.xcconfig */,
				F6C2F8CC19313E3500446578 /* common.xcconfig */,
			);
			name = xcconfig;
			path = ..;
			sourceTree = "<group>";
		};
		F72EAEAB0C276EA2CD970ABC /* Products */ = {
			isa = PBXGroup;
			children = (
				A7D90F40A89D8420F33A4C85 /* core.node */,
			);
			name = Products;
			sourceTree = "<group>";
		};
/* End PBXGroup section */

/* Begin PBXNativeTarget section */
		1A1F63A1CA98ABA03DBFBA0F /* core */ = {
			isa = PBXNativeTarget;
			buildConfigurationList = 480E35171CEA25066FA7109D /* Build configuration list for PBXNativeTarget "core" */;
			buildPhases = (
				9ED9BBC445EFFA15CE5780F8 /* Sources */,
				2CB2C8872A8F2B36411DA774 /* Frameworks */,
			);
			buildRules = (
			);
			dependencies = (
			);
			name = core;
			productName = core;
			productReference = A7D90F40A89D8420F33A4C85 /* core.node */;
			productType = "com.apple.product-type.library.dynamic";
		};
/* End PBXNativeTarget section */

/* Begin PBXProject section */
		35108566DD7B7EB466D59581 /* Project object */ = {
			isa = PBXProject;
			attributes = {
				BuildIndependentTargetsInParallel = YES;
				LastUpgradeCheck = 0510;
			};
			buildConfigurationList = 4C650493AFEDDCC6E69C8CC5 /* Build configuration list for PBXProject "core" */;
			compatibilityVersion = "Xcode 3.2";
			developmentRegion = English;
			hasScannedForEncodings = 1;
			knownRegions = (
				en,
			);
			mainGroup = 74FB431A6F457CFAA99DF565;
			projectDirPath = "";
			projectRoot = "";
			targets = (
				1A1F63A1CA98ABA03DBFBA0F /* core */,
			);
		};
/* End PBXProject section */

/* Begin PBXSourcesBuildPhase section */
		9ED9BBC445EFFA15CE5780F8 /* Sources */ = {
			isa = PBXSourcesBuildPhase;
			buildActionMask = 2147483647;
			files = (
				B4360BABDBA241F5BE5756E8 /* core.cc in Sources */,
			);
			runOnlyForDeploymentPostprocessing = 0;
		};
/* End PBXSourcesBuildPhase section */

/* Begin XCBuildConfiguration section */
		6E6920ED8E0647812495A381 /* Debug */ = {
			isa = XCBuildConfiguration;
			baseConfigurationReference = F6C2F8CA19313E3500446578 /* common-debug.xcconfig */;
			buildSettings = {
				INTERMEDIATE_DIR = "$(PROJECT_DERIVED_FILE_DIR)/$(CONFIGURATION)";
				SHARED_INTERMEDIATE_DIR = "$(SYMROOT)/DerivedSources/$(CONFIGURATION)";
			};
			name = Debug;
		};
		8EBF182685CD740E2DECB447 /* Debug */ = {
			isa = XCBuildConfiguration;
			buildSettings = {
				DYLIB_COMPATIBILITY_VERSION = "";
				DYLIB_CURRENT_VERSION = "";
				DYLIB_INSTALL_NAME_BASE = "@rpath";
				EXECUTABLE_EXTENSION = node;
				EXECUTABLE_PREFIX = "";
				GCC_CW_ASM_SYNTAX = NO;
				GCC_DYNAMIC_NO_PIC = NO;
				GCC_ENABLE_CPP_EXCEPTIONS = NO;
				GCC_ENABLE_CPP_RTTI = NO;
				GCC_ENABLE_PASCAL_STRINGS = NO;
				GCC_PREPROCESSOR_DEFINITIONS = (
					"_DARWIN_USE_64_BIT_INODE=1",
					_LARGEFILE_SOURCE,
					"_FILE_OFFSET_BITS=64",
					BUILDING_NODE_EXTENSION,
					DEBUG,
					_DEBUG,
				);
				GCC_THREADSAFE_STATICS = NO;
				HEADER_SEARCH_PATHS = (
					../../node/node/src,
					../../node/node/deps/uv/include,
					../../node/node/deps/v8/include,
				);
				MACH_O_TYPE = mh_bundle;
				OTHER_CFLAGS = "-fno-strict-aliasing";
				OTHER_LDFLAGS = "-Wl,-search_paths_first";
				PREBINDING = NO;
				USE_HEADERMAP = NO;
				WARNING_CFLAGS = (
					"-Wall",
					"-Wendif-labels",
					"-W",
					"-Wno-unused-parameter",
				);
			};
			name = Debug;
		};
		F0FE067650554857AB1E411A /* Release */ = {
			isa = XCBuildConfiguration;
			baseConfigurationReference = F6C2F8CB19313E3500446578 /* common-release.xcconfig */;
			buildSettings = {
				INTERMEDIATE_DIR = "$(PROJECT_DERIVED_FILE_DIR)/$(CONFIGURATION)";
				SHARED_INTERMEDIATE_DIR = "$(SYMROOT)/DerivedSources/$(CONFIGURATION)";
			};
			name = Release;
		};
		F70FA5B544CFB1F1F7485641 /* Release */ = {
			isa = XCBuildConfiguration;
			buildSettings = {
				DYLIB_COMPATIBILITY_VERSION = "";
				DYLIB_CURRENT_VERSION = "";
				DYLIB_INSTALL_NAME_BASE = "@rpath";
				EXECUTABLE_EXTENSION = node;
				EXECUTABLE_PREFIX = "";
				GCC_CW_ASM_SYNTAX = NO;
				GCC_DYNAMIC_NO_PIC = NO;
				GCC_ENABLE_CPP_EXCEPTIONS = NO;
				GCC_ENABLE_CPP_RTTI = NO;
				GCC_ENABLE_PASCAL_STRINGS = NO;
				GCC_PREPROCESSOR_DEFINITIONS = (
					"_DARWIN_USE_64_BIT_INODE=1",
					_LARGEFILE_SOURCE,
					"_FILE_OFFSET_BITS=64",
					BUILDING_NODE_EXTENSION,
				);
				GCC_THREADSAFE_STATICS = NO;
				HEADER_SEARCH_PATHS = (
					../../node/node/src,
					../../node/node/deps/uv/include,
					../../node/node/deps/v8/include,
				);
				MACH_O_TYPE = mh_bundle;
				OTHER_CFLAGS = "-fno-strict-aliasing";
				OTHER_LDFLAGS = "-Wl,-search_paths_first";
				PREBINDING = NO;
				USE_HEADERMAP = NO;
				WARNING_CFLAGS = (
					"-Wall",
					"-Wendif-labels",
					"-W",
					"-Wno-unused-parameter",
				);
			};
			name = Release;
		};
/* End XCBuildConfiguration section */

/* Begin XCConfigurationList section */
		480E35171CEA25066FA7109D /* Build configuration list for PBXNativeTarget "core" */ = {
			isa = XCConfigurationList;
			buildConfigurations = (
				F70FA5B544CFB1F1F7485641 /* Release */,
				8EBF182685CD740E2DECB447 /* Debug */,
			);
			defaultConfigurationIsVisible = 1;
			defaultConfigurationName = Release;
		};
		4C650493AFEDDCC6E69C8CC5 /* Build configuration list for PBXProject "core" */ = {
			isa = XCConfigurationList;
			buildConfigurations = (
				F0FE067650554857AB1E411A /* Release */,
				6E6920ED8E0647812495A381 /* Debug */,
			);
			defaultConfigurationIsVisible = 1;
			defaultConfigurationName = Release;
		};
/* End XCConfigurationList section */
	};
	rootObject = 35108566DD7B7EB466D59581 /* Project object */;
}
